Microsoft Visual Studio Solution File, Format Version 12.00
# Visual Studio 2012
Project("{FAE04EC0-301F-11D3-BF4B-00C04F79EFBC}") = "TestFireLight", "TestFireLight.csproj", "{2155A7C8-11C6-4D17-93E6-4353677DC844}"
EndProject
Global
	GlobalSection(SolutionConfigurationPlatforms) = preSolution
	Debug|Any CPU = Debug|Any CPU
	Release|Any CPU = Release|Any CPU
	Tools|Any CPU = Tools|Any CPU
	EndGlobalSection
	GlobalSection(ProjectConfigurationPlatforms) = postSolution
		{2155A7C8-11C6-4D17-93E6-4353677DC844}.Debug|Any CPU.ActiveCfg = Debug|Any CPU
		{2155A7C8-11C6-4D17-93E6-4353677DC844}.Debug|Any CPU.Build.0 = Debug|Any CPU
		{2155A7C8-11C6-4D17-93E6-4353677DC844}.Release|Any CPU.ActiveCfg = Release|Any CPU
		{2155A7C8-11C6-4D17-93E6-4353677DC844}.Release|Any CPU.Build.0 = Release|Any CPU
		{2155A7C8-11C6-4D17-93E6-4353677DC844}.Tools|Any CPU.ActiveCfg = Tools|Any CPU
		{2155A7C8-11C6-4D17-93E6-4353677DC844}.Tools|Any CPU.Build.0 = Tools|Any CPU
	EndGlobalSection
EndGlobal
